
Microsoft Visual Studio Solution File, Format Version 12.00
# Visual Studio Version 17
VisualStudioVersion = 17.13.35825.156 d17.13
MinimumVisualStudioVersion = 10.0.40219.1
Project("{FAE04EC0-301F-11D3-BF4B-00C04F79EFBC}") = "prjPastaFactory", "prjPastaFactory\prjPastaFactory.csproj", "{10A0E383-06AD-4668-9CDD-A1ECA8B70E32}"
EndProject
Global
	GlobalSection(SolutionConfigurationPlatforms) = preSolution
		Debug|Any CPU = Debug|Any CPU
		Release|Any CPU = Release|Any CPU
	EndGlobalSection
	GlobalSection(ProjectConfigurationPlatforms) = postSolution
		{10A0E383-06AD-4668-9CDD-A1ECA8B70E32}.Debug|Any CPU.ActiveCfg = Debug|Any CPU
		{10A0E383-06AD-4668-9CDD-A1ECA8B70E32}.Debug|Any CPU.Build.0 = Debug|Any CPU
		{10A0E383-06AD-4668-9CDD-A1ECA8B70E32}.Release|Any CPU.ActiveCfg = Release|Any CPU
		{10A0E383-06AD-4668-9CDD-A1ECA8B70E32}.Release|Any CPU.Build.0 = Release|Any CPU
	EndGlobalSection
	GlobalSection(SolutionProperties) = preSolution
		HideSolutionNode = FALSE
	EndGlobalSection
	GlobalSection(ExtensibilityGlobals) = postSolution
		SolutionGuid = {6AF785A3-AFA0-4B58-A26E-1F4A0388E569}
	EndGlobalSection
EndGlobal
